PODS:
  - BoringSSL-GRPC (0.0.3):
    - BoringSSL-GRPC/Implementation (= 0.0.3)
    - BoringSSL-GRPC/Interface (= 0.0.3)
  - BoringSSL-GRPC/Implementation (0.0.3):
    - BoringSSL-GRPC/Interface (= 0.0.3)
  - BoringSSL-GRPC/Interface (0.0.3)
  - "gRPC-C++ (0.0.9)":
    - "gRPC-C++/Implementation (= 0.0.9)"
    - "gRPC-C++/Interface (= 0.0.9)"
  - "gRPC-C++/Implementation (0.0.9)":
    - "gRPC-C++/Interface (= 0.0.9)"
    - gRPC-Core (= 1.21.0)
    - nanopb (~> 0.3)
  - "gRPC-C++/Interface (0.0.9)"
  - gRPC-Core (1.21.0):
    - gRPC-Core/Implementation (= 1.21.0)
    - gRPC-Core/Interface (= 1.21.0)
  - gRPC-Core/Implementation (1.21.0):
    - BoringSSL-GRPC (= 0.0.3)
    - gRPC-Core/Interface (= 1.21.0)
    - nanopb (~> 0.3)
  - gRPC-Core/Interface (1.21.0)
  - nanopb (0.3.9011):
    - nanopb/decode (= 0.3.9011)
    - nanopb/encode (= 0.3.9011)
  - nanopb/decode (0.3.9011)
  - nanopb/encode (0.3.9011)

DEPENDENCIES:
  - "gRPC-C++ (= 0.0.9)"

SPEC REPOS:
  https://github.com/cocoapods/specs.git:
    - BoringSSL-GRPC
    - "gRPC-C++"
    - gRPC-Core
    - nanopb

SPEC CHECKSUMS:
  BoringSSL-GRPC: db8764df3204ccea016e1c8dd15d9a9ad63ff318
  "gRPC-C++": 9dfe7b44821e7b3e44aacad2af29d2c21f7cde83
  gRPC-Core: c9aef9a261a1247e881b18059b84d597293c9947
  nanopb: 18003b5e52dab79db540fe93fe9579f399bd1ccd

PODFILE CHECKSUM: 287ddc1f154e744d6323542812f889f881c02fdd

COCOAPODS: 1.7.5
